
Microsoft Visual Studio Solution File, Format Version 12.00
# Visual Studio Version 17
VisualStudioVersion = 17.14.36623.8
MinimumVisualStudioVersion = 10.0.40219.1
Project("{FAE04EC0-301F-11D3-BF4B-00C04F79EFBC}") = "AgentFrameworkWeather", "sample-agent\AgentFrameworkWeather.csproj", "{C05BF552-56C0-8F74-98D5-F51053881902}"
EndProject
Global
	GlobalSection(SolutionConfigurationPlatforms) = preSolution
		Debug|Any CPU = Debug|Any CPU
		Release|Any CPU = Release|Any CPU
	EndGlobalSection
	GlobalSection(ProjectConfigurationPlatforms) = postSolution
		{C05BF552-56C0-8F74-98D5-F51053881902}.Debug|Any CPU.ActiveCfg = Debug|Any CPU
		{C05BF552-56C0-8F74-98D5-F51053881902}.Debug|Any CPU.Build.0 = Debug|Any CPU
		{C05BF552-56C0-8F74-98D5-F51053881902}.Release|Any CPU.ActiveCfg = Release|Any CPU
		{C05BF552-56C0-8F74-98D5-F51053881902}.Release|Any CPU.Build.0 = Release|Any CPU
	EndGlobalSection
	GlobalSection(SolutionProperties) = preSolution
		HideSolutionNode = FALSE
	EndGlobalSection
	GlobalSection(ExtensibilityGlobals) = postSolution
		SolutionGuid = {A13DF873-5DE4-4F7D-9734-FA05F32F218E}
	EndGlobalSection
EndGlobal
